# This file is autogenerated, do not edit; changes may be undone by the next 'dep ensure'.


[[projects]]
  digest = "1:d3f1f235507eab7ca6f3438fd0deb106fd1077fe1112c7d6b0197afca42d76c1"
  name = "github.com/padamstx/gomodlib"
  packages = ["."]
  pruneopts = "UT"
  revision = "12de869c5f930ca1d4c0560d07841dabeb18b6a7"
  version = "v1.0.0"

[solve-meta]
  analyzer-name = "dep"
  analyzer-version = 1
  input-imports = ["github.com/padamstx/gomodlib"]
  solver-name = "gps-cdcl"
  solver-version = 1
