# This file is autogenerated, do not edit; changes may be undone by the next 'dep ensure'.


[[projects]]
  digest = "1:5e966ea27398340f15dc03c01f96aa72c64f9defcc71d3811f7f6728b5ab67cc"
  name = "github.com/padamstx/gomodlib"
  packages = ["."]
  pruneopts = "UT"
  revision = "91e2c1bf38791ebc5e78bb8189bdd70985731cb3"
  version = "v3.0.2"

[solve-meta]
  analyzer-name = "dep"
  analyzer-version = 1
  input-imports = ["github.com/padamstx/gomodlib"]
  solver-name = "gps-cdcl"
  solver-version = 1
