# This file is autogenerated, do not edit; changes may be undone by the next 'dep ensure'.


[[projects]]
  digest = "1:2ee5f49a941db0a1c8be6cc6139958eba37b6fa6e390f373314cee2266cb0d5f"
  name = "github.com/padamstx/gomodlib"
  packages = ["."]
  pruneopts = "UT"
  revision = "bf294f27a3f5942455030159ba6cb9cf9755481b"
  version = "v1.0.1"

[solve-meta]
  analyzer-name = "dep"
  analyzer-version = 1
  input-imports = ["github.com/padamstx/gomodlib"]
  solver-name = "gps-cdcl"
  solver-version = 1
